// !$*UTF8*$!
{
	archiveVersion = 1;
	classes = {
	};
	objectVersion = 56;
	objects = {

/* Begin PBXBuildFile section */
		563EDA5229AF63DE00939737 /* AppDelegate.swift in Sources */ = {isa = PBXBuildFile; fileRef = 563EDA5129AF63DE00939737 /* AppDelegate.swift */; };
		563EDA5629AF63DE00939737 /* ViewController.swift in Sources */ = {isa = PBXBuildFile; fileRef = 563EDA5529AF63DE00939737 /* ViewController.swift */; };
		563EDA5929AF63DE00939737 /* Main.storyboard in Resources */ = {isa = PBXBuildFile; fileRef = 563EDA5729AF63DE00939737 /* Main.storyboard */; };
		563EDA5B29AF63DF00939737 /* Assets.xcassets in Resources */ = {isa = PBXBuildFile; fileRef = 563EDA5A29AF63DF00939737 /* Assets.xcassets */; };
		563EDA5E29AF63DF00939737 /* LaunchScreen.storyboard in Resources */ = {isa = PBXBuildFile; fileRef = 563EDA5C29AF63DF00939737 /* LaunchScreen.storyboard */; };
		563EDA6629B0882100939737 /* Model.swift in Sources */ = {isa = PBXBuildFile; fileRef = 563EDA6529B0882100939737 /* Model.swift */; };
		563EDA6829B0889200939737 /* CellController.swift in Sources */ = {isa = PBXBuildFile; fileRef = 563EDA6729B0889200939737 /* CellController.swift */; };
		563EDA6C29B0891500939737 /* TypeOneCell.swift in Sources */ = {isa = PBXBuildFile; fileRef = 563EDA6929B0891500939737 /* TypeOneCell.swift */; };
		563EDA6D29B0891500939737 /* TypeOneCell.xib in Resources */ = {isa = PBXBuildFile; fileRef = 563EDA6A29B0891500939737 /* TypeOneCell.xib */; };
		563EDA6E29B0891500939737 /* TypeOneClass.swift in Sources */ = {isa = PBXBuildFile; fileRef = 563EDA6B29B0891500939737 /* TypeOneClass.swift */; };
		563EDA7029B08B1000939737 /* Helper.swift in Sources */ = {isa = PBXBuildFile; fileRef = 563EDA6F29B08B1000939737 /* Helper.swift */; };
		563EDA7229B08C5500939737 /* UITableViewExtensions.swift in Sources */ = {isa = PBXBuildFile; fileRef = 563EDA7129B08C5500939737 /* UITableViewExtensions.swift */; };
		563EDA7A29B097F500939737 /* DetailViewController.swift in Sources */ = {isa = PBXBuildFile; fileRef = 563EDA7929B097F500939737 /* DetailViewController.swift */; };
		563EDA7E29B0A20E00939737 /* TypeTwoClass.swift in Sources */ = {isa = PBXBuildFile; fileRef = 563EDA7B29B0A20E00939737 /* TypeTwoClass.swift */; };
		563EDA7F29B0A20E00939737 /* TypeTwoCell.swift in Sources */ = {isa = PBXBuildFile; fileRef = 563EDA7C29B0A20E00939737 /* TypeTwoCell.swift */; };
		563EDA8029B0A20E00939737 /* TypeTwoCell.xib in Resources */ = {isa = PBXBuildFile; fileRef = 563EDA7D29B0A20E00939737 /* TypeTwoCell.xib */; };
		563EDA8229B0A23D00939737 /* Model2.swift in Sources */ = {isa = PBXBuildFile; fileRef = 563EDA8129B0A23D00939737 /* Model2.swift */; };
		563EDA8629B0A4B500939737 /* TypeThreeCell.xib in Resources */ = {isa = PBXBuildFile; fileRef = 563EDA8329B0A4B500939737 /* TypeThreeCell.xib */; };
		563EDA8729B0A4B500939737 /* TypeThreeClass.swift in Sources */ = {isa = PBXBuildFile; fileRef = 563EDA8429B0A4B500939737 /* TypeThreeClass.swift */; };
		563EDA8829B0A4B500939737 /* TypeThreeCell.swift in Sources */ = {isa = PBXBuildFile; fileRef = 563EDA8529B0A4B500939737 /* TypeThreeCell.swift */; };
		563EDA8A29B0A51D00939737 /* Model3.swift in Sources */ = {isa = PBXBuildFile; fileRef = 563EDA8929B0A51D00939737 /* Model3.swift */; };
/* End PBXBuildFile section */

/* Begin PBXFileReference section */
		563EDA4E29AF63DE00939737 /* MultiCellView.app */ = {isa = PBXFileReference; explicitFileType = wrapper.application; includeInIndex = 0; path = MultiCellView.app; sourceTree = BUILT_PRODUCTS_DIR; };
		563EDA5129AF63DE00939737 /* AppDelegate.swift */ = {isa = PBXFileReference; lastKnownFileType = sourcecode.swift; path = AppDelegate.swift; sourceTree = "<group>"; };
		563EDA5529AF63DE00939737 /* ViewController.swift */ = {isa = PBXFileReference; lastKnownFileType = sourcecode.swift; path = ViewController.swift; sourceTree = "<group>"; };
		563EDA5829AF63DE00939737 /* Base */ = {isa = PBXFileReference; lastKnownFileType = file.storyboard; name = Base; path = Base.lproj/Main.storyboard; sourceTree = "<group>"; };
		563EDA5A29AF63DF00939737 /* Assets.xcassets */ = {isa = PBXFileReference; lastKnownFileType = folder.assetcatalog; path = Assets.xcassets; sourceTree = "<group>"; };
		563EDA5D29AF63DF00939737 /* Base */ = {isa = PBXFileReference; lastKnownFileType = file.storyboard; name = Base; path = Base.lproj/LaunchScreen.storyboard; sourceTree = "<group>"; };
		563EDA5F29AF63DF00939737 /* Info.plist */ = {isa = PBXFileReference; lastKnownFileType = text.plist.xml; path = Info.plist; sourceTree = "<group>"; };
		563EDA6529B0882100939737 /* Model.swift */ = {isa = PBXFileReference; lastKnownFileType = sourcecode.swift; path = Model.swift; sourceTree = "<group>"; };
		563EDA6729B0889200939737 /* CellController.swift */ = {isa = PBXFileReference; lastKnownFileType = sourcecode.swift; path = CellController.swift; sourceTree = "<group>"; };
		563EDA6929B0891500939737 /* TypeOneCell.swift */ = {isa = PBXFileReference; fileEncoding = 4; lastKnownFileType = sourcecode.swift; path = TypeOneCell.swift; sourceTree = "<group>"; };
		563EDA6A29B0891500939737 /* TypeOneCell.xib */ = {isa = PBXFileReference; fileEncoding = 4; lastKnownFileType = file.xib; path = TypeOneCell.xib; sourceTree = "<group>"; };
		563EDA6B29B0891500939737 /* TypeOneClass.swift */ = {isa = PBXFileReference; fileEncoding = 4; lastKnownFileType = sourcecode.swift; path = TypeOneClass.swift; sourceTree = "<group>"; };
		563EDA6F29B08B1000939737 /* Helper.swift */ = {isa = PBXFileReference; lastKnownFileType = sourcecode.swift; path = Helper.swift; sourceTree = "<group>"; };
		563EDA7129B08C5500939737 /* UITableViewExtensions.swift */ = {isa = PBXFileReference; lastKnownFileType = sourcecode.swift; path = UITableViewExtensions.swift; sourceTree = "<group>"; };
		563EDA7929B097F500939737 /* DetailViewController.swift */ = {isa = PBXFileReference; lastKnownFileType = sourcecode.swift; path = DetailViewController.swift; sourceTree = "<group>"; };
		563EDA7B29B0A20E00939737 /* TypeTwoClass.swift */ = {isa = PBXFileReference; fileEncoding = 4; lastKnownFileType = sourcecode.swift; path = TypeTwoClass.swift; sourceTree = "<group>"; };
		563EDA7C29B0A20E00939737 /* TypeTwoCell.swift */ = {isa = PBXFileReference; fileEncoding = 4; lastKnownFileType = sourcecode.swift; path = TypeTwoCell.swift; sourceTree = "<group>"; };
		563EDA7D29B0A20E00939737 /* TypeTwoCell.xib */ = {isa = PBXFileReference; fileEncoding = 4; lastKnownFileType = file.xib; path = TypeTwoCell.xib; sourceTree = "<group>"; };
		563EDA8129B0A23D00939737 /* Model2.swift */ = {isa = PBXFileReference; lastKnownFileType = sourcecode.swift; path = Model2.swift; sourceTree = "<group>"; };
		563EDA8329B0A4B500939737 /* TypeThreeCell.xib */ = {isa = PBXFileReference; fileEncoding = 4; lastKnownFileType = file.xib; path = TypeThreeCell.xib; sourceTree = "<group>"; };
		563EDA8429B0A4B500939737 /* TypeThreeClass.swift */ = {isa = PBXFileReference; fileEncoding = 4; lastKnownFileType = sourcecode.swift; path = TypeThreeClass.swift; sourceTree = "<group>"; };
		563EDA8529B0A4B500939737 /* TypeThreeCell.swift */ = {isa = PBXFileReference; fileEncoding = 4; lastKnownFileType = sourcecode.swift; path = TypeThreeCell.swift; sourceTree = "<group>"; };
		563EDA8929B0A51D00939737 /* Model3.swift */ = {isa = PBXFileReference; lastKnownFileType = sourcecode.swift; path = Model3.swift; sourceTree = "<group>"; };
/* End PBXFileReference section */

/* Begin PBXFrameworksBuildPhase section */
		563EDA4B29AF63DE00939737 /* Frameworks */ = {
			isa = PBXFrameworksBuildPhase;
			buildActionMask = 2147483647;
			files = (
			);
			runOnlyForDeploymentPostprocessing = 0;
		};
/* End PBXFrameworksBuildPhase section */

/* Begin PBXGroup section */
		563EDA4529AF63DE00939737 = {
			isa = PBXGroup;
			children = (
				563EDA5029AF63DE00939737 /* MultiCellView */,
				563EDA4F29AF63DE00939737 /* Products */,
			);
			sourceTree = "<group>";
		};
		563EDA4F29AF63DE00939737 /* Products */ = {
			isa = PBXGroup;
			children = (
				563EDA4E29AF63DE00939737 /* MultiCellView.app */,
			);
			name = Products;
			sourceTree = "<group>";
		};
		563EDA5029AF63DE00939737 /* MultiCellView */ = {
			isa = PBXGroup;
			children = (
				563EDA7829B0930000939737 /* Protocols */,
				563EDA7729B092E200939737 /* UIView */,
				563EDA7629B092D100939737 /* Models */,
				563EDA7529B092AE00939737 /* Controllers */,
				563EDA7329B0928B00939737 /* Components */,
				563EDA5129AF63DE00939737 /* AppDelegate.swift */,
				563EDA5729AF63DE00939737 /* Main.storyboard */,
				563EDA5A29AF63DF00939737 /* Assets.xcassets */,
				563EDA5C29AF63DF00939737 /* LaunchScreen.storyboard */,
				563EDA5F29AF63DF00939737 /* Info.plist */,
			);
			path = MultiCellView;
			sourceTree = "<group>";
		};
		563EDA7329B0928B00939737 /* Components */ = {
			isa = PBXGroup;
			children = (
				563EDA6F29B08B1000939737 /* Helper.swift */,
				563EDA7129B08C5500939737 /* UITableViewExtensions.swift */,
			);
			path = Components;
			sourceTree = "<group>";
		};
		563EDA7529B092AE00939737 /* Controllers */ = {
			isa = PBXGroup;
			children = (
				563EDA5529AF63DE00939737 /* ViewController.swift */,
				563EDA7929B097F500939737 /* DetailViewController.swift */,
			);
			path = Controllers;
			sourceTree = "<group>";
		};
		563EDA7629B092D100939737 /* Models */ = {
			isa = PBXGroup;
			children = (
				563EDA6529B0882100939737 /* Model.swift */,
				563EDA8129B0A23D00939737 /* Model2.swift */,
				563EDA8929B0A51D00939737 /* Model3.swift */,
			);
			path = Models;
			sourceTree = "<group>";
		};
		563EDA7729B092E200939737 /* UIView */ = {
			isa = PBXGroup;
			children = (
				563EDA6B29B0891500939737 /* TypeOneClass.swift */,
				563EDA7B29B0A20E00939737 /* TypeTwoClass.swift */,
				563EDA8429B0A4B500939737 /* TypeThreeClass.swift */,
				563EDA6929B0891500939737 /* TypeOneCell.swift */,
				563EDA6A29B0891500939737 /* TypeOneCell.xib */,
				563EDA7C29B0A20E00939737 /* TypeTwoCell.swift */,
				563EDA7D29B0A20E00939737 /* TypeTwoCell.xib */,
				563EDA8529B0A4B500939737 /* TypeThreeCell.swift */,
				563EDA8329B0A4B500939737 /* TypeThreeCell.xib */,
			);
			path = UIView;
			sourceTree = "<group>";
		};
		563EDA7829B0930000939737 /* Protocols */ = {
			isa = PBXGroup;
			children = (
				563EDA6729B0889200939737 /* CellController.swift */,
			);
			path = Protocols;
			sourceTree = "<group>";
		};
/* End PBXGroup section */

/* Begin PBXNativeTarget section */
		563EDA4D29AF63DE00939737 /* MultiCellView */ = {
			isa = PBXNativeTarget;
			buildConfigurationList = 563EDA6229AF63DF00939737 /* Build configuration list for PBXNativeTarget "MultiCellView" */;
			buildPhases = (
				563EDA4A29AF63DE00939737 /* Sources */,
				563EDA4B29AF63DE00939737 /* Frameworks */,
				563EDA4C29AF63DE00939737 /* Resources */,
			);
			buildRules = (
			);
			dependencies = (
			);
			name = MultiCellView;
			productName = MultiCellView;
			productReference = 563EDA4E29AF63DE00939737 /* MultiCellView.app */;
			productType = "com.apple.product-type.application";
		};
/* End PBXNativeTarget section */

/* Begin PBXProject section */
		563EDA4629AF63DE00939737 /* Project object */ = {
			isa = PBXProject;
			attributes = {
				BuildIndependentTargetsInParallel = 1;
				LastSwiftUpdateCheck = 1410;
				LastUpgradeCheck = 1410;
				TargetAttributes = {
					563EDA4D29AF63DE00939737 = {
						CreatedOnToolsVersion = 14.1;
					};
				};
			};
			buildConfigurationList = 563EDA4929AF63DE00939737 /* Build configuration list for PBXProject "MultiCellView" */;
			compatibilityVersion = "Xcode 14.0";
			developmentRegion = en;
			hasScannedForEncodings = 0;
			knownRegions = (
				en,
				Base,
			);
			mainGroup = 563EDA4529AF63DE00939737;
			productRefGroup = 563EDA4F29AF63DE00939737 /* Products */;
			projectDirPath = "";
			projectRoot = "";
			targets = (
				563EDA4D29AF63DE00939737 /* MultiCellView */,
			);
		};
/* End PBXProject section */

/* Begin PBXResourcesBuildPhase section */
		563EDA4C29AF63DE00939737 /* Resources */ = {
			isa = PBXResourcesBuildPhase;
			buildActionMask = 2147483647;
			files = (
				563EDA5E29AF63DF00939737 /* LaunchScreen.storyboard in Resources */,
				563EDA8629B0A4B500939737 /* TypeThreeCell.xib in Resources */,
				563EDA8029B0A20E00939737 /* TypeTwoCell.xib in Resources */,
				563EDA5B29AF63DF00939737 /* Assets.xcassets in Resources */,
				563EDA5929AF63DE00939737 /* Main.storyboard in Resources */,
				563EDA6D29B0891500939737 /* TypeOneCell.xib in Resources */,
			);
			runOnlyForDeploymentPostprocessing = 0;
		};
/* End PBXResourcesBuildPhase section */

/* Begin PBXSourcesBuildPhase section */
		563EDA4A29AF63DE00939737 /* Sources */ = {
			isa = PBXSourcesBuildPhase;
			buildActionMask = 2147483647;
			files = (
				563EDA7A29B097F500939737 /* DetailViewController.swift in Sources */,
				563EDA5629AF63DE00939737 /* ViewController.swift in Sources */,
				563EDA7E29B0A20E00939737 /* TypeTwoClass.swift in Sources */,
				563EDA5229AF63DE00939737 /* AppDelegate.swift in Sources */,
				563EDA7029B08B1000939737 /* Helper.swift in Sources */,
				563EDA7229B08C5500939737 /* UITableViewExtensions.swift in Sources */,
				563EDA8229B0A23D00939737 /* Model2.swift in Sources */,
				563EDA8829B0A4B500939737 /* TypeThreeCell.swift in Sources */,
				563EDA7F29B0A20E00939737 /* TypeTwoCell.swift in Sources */,
				563EDA8A29B0A51D00939737 /* Model3.swift in Sources */,
				563EDA8729B0A4B500939737 /* TypeThreeClass.swift in Sources */,
				563EDA6629B0882100939737 /* Model.swift in Sources */,
				563EDA6829B0889200939737 /* CellController.swift in Sources */,
				563EDA6C29B0891500939737 /* TypeOneCell.swift in Sources */,
				563EDA6E29B0891500939737 /* TypeOneClass.swift in Sources */,
			);
			runOnlyForDeploymentPostprocessing = 0;
		};
/* End PBXSourcesBuildPhase section */

/* Begin PBXVariantGroup section */
		563EDA5729AF63DE00939737 /* Main.storyboard */ = {
			isa = PBXVariantGroup;
			children = (
				563EDA5829AF63DE00939737 /* Base */,
			);
			name = Main.storyboard;
			sourceTree = "<group>";
		};
		563EDA5C29AF63DF00939737 /* LaunchScreen.storyboard */ = {
			isa = PBXVariantGroup;
			children = (
				563EDA5D29AF63DF00939737 /* Base */,
			);
			name = LaunchScreen.storyboard;
			sourceTree = "<group>";
		};
/* End PBXVariantGroup section */

/* Begin XCBuildConfiguration section */
		563EDA6029AF63DF00939737 /* Debug */ = {
			isa = XCBuildConfiguration;
			buildSettings = {
				ALWAYS_SEARCH_USER_PATHS = NO;
				CLANG_ANALYZER_NONNULL = YES;
				CLANG_ANALYZER_NUMBER_OBJECT_CONVERSION = YES_AGGRESSIVE;
				CLANG_CXX_LANGUAGE_STANDARD = "gnu++20";
				CLANG_ENABLE_MODULES = YES;
				CLANG_ENABLE_OBJC_ARC = YES;
				CLANG_ENABLE_OBJC_WEAK = YES;
				CLANG_WARN_BLOCK_CAPTURE_AUTORELEASING = YES;
				CLANG_WARN_BOOL_CONVERSION = YES;
				CLANG_WARN_COMMA = YES;
				CLANG_WARN_CONSTANT_CONVERSION = YES;
				CLANG_WARN_DEPRECATED_OBJC_IMPLEMENTATIONS = YES;
				CLANG_WARN_DIRECT_OBJC_ISA_USAGE = YES_ERROR;
				CLANG_WARN_DOCUMENTATION_COMMENTS = YES;
				CLANG_WARN_EMPTY_BODY = YES;
				CLANG_WARN_ENUM_CONVERSION = YES;
				CLANG_WARN_INFINITE_RECURSION = YES;
				CLANG_WARN_INT_CONVERSION = YES;
				CLANG_WARN_NON_LITERAL_NULL_CONVERSION = YES;
				CLANG_WARN_OBJC_IMPLICIT_RETAIN_SELF = YES;
				CLANG_WARN_OBJC_LITERAL_CONVERSION = YES;
				CLANG_WARN_OBJC_ROOT_CLASS = YES_ERROR;
				CLANG_WARN_QUOTED_INCLUDE_IN_FRAMEWORK_HEADER = YES;
				CLANG_WARN_RANGE_LOOP_ANALYSIS = YES;
				CLANG_WARN_STRICT_PROTOTYPES = YES;
				CLANG_WARN_SUSPICIOUS_MOVE = YES;
				CLANG_WARN_UNGUARDED_AVAILABILITY = YES_AGGRESSIVE;
				CLANG_WARN_UNREACHABLE_CODE = YES;
				CLANG_WARN__DUPLICATE_METHOD_MATCH = YES;
				COPY_PHASE_STRIP = NO;
				DEBUG_INFORMATION_FORMAT = dwarf;
				ENABLE_STRICT_OBJC_MSGSEND = YES;
				ENABLE_TESTABILITY = YES;
				GCC_C_LANGUAGE_STANDARD = gnu11;
				GCC_DYNAMIC_NO_PIC = NO;
				GCC_NO_COMMON_BLOCKS = YES;
				GCC_OPTIMIZATION_LEVEL = 0;
				GCC_PREPROCESSOR_DEFINITIONS = (
					"DEBUG=1",
					"$(inherited)",
				);
				GCC_WARN_64_TO_32_BIT_CONVERSION = YES;
				GCC_WARN_ABOUT_RETURN_TYPE = YES_ERROR;
				GCC_WARN_UNDECLARED_SELECTOR = YES;
				GCC_WARN_UNINITIALIZED_AUTOS = YES_AGGRESSIVE;
				GCC_WARN_UNUSED_FUNCTION = YES;
				GCC_WARN_UNUSED_VARIABLE = YES;
				IPHONEOS_DEPLOYMENT_TARGET = 16.1;
				MTL_ENABLE_DEBUG_INFO = INCLUDE_SOURCE;
				MTL_FAST_MATH = YES;
				ONLY_ACTIVE_ARCH = YES;
				SDKROOT = iphoneos;
				SWIFT_ACTIVE_COMPILATION_CONDITIONS = DEBUG;
				SWIFT_OPTIMIZATION_LEVEL = "-Onone";
			};
			name = Debug;
		};
		563EDA6129AF63DF00939737 /* Release */ = {
			isa = XCBuildConfiguration;
			buildSettings = {
				ALWAYS_SEARCH_USER_PATHS = NO;
				CLANG_ANALYZER_NONNULL = YES;
				CLANG_ANALYZER_NUMBER_OBJECT_CONVERSION = YES_AGGRESSIVE;
				CLANG_CXX_LANGUAGE_STANDARD = "gnu++20";
				CLANG_ENABLE_MODULES = YES;
				CLANG_ENABLE_OBJC_ARC = YES;
				CLANG_ENABLE_OBJC_WEAK = YES;
				CLANG_WARN_BLOCK_CAPTURE_AUTORELEASING = YES;
				CLANG_WARN_BOOL_CONVERSION = YES;
				CLANG_WARN_COMMA = YES;
				CLANG_WARN_CONSTANT_CONVERSION = YES;
				CLANG_WARN_DEPRECATED_OBJC_IMPLEMENTATIONS = YES;
				CLANG_WARN_DIRECT_OBJC_ISA_USAGE = YES_ERROR;
				CLANG_WARN_DOCUMENTATION_COMMENTS = YES;
				CLANG_WARN_EMPTY_BODY = YES;
				CLANG_WARN_ENUM_CONVERSION = YES;
				CLANG_WARN_INFINITE_RECURSION = YES;
				CLANG_WARN_INT_CONVERSION = YES;
				CLANG_WARN_NON_LITERAL_NULL_CONVERSION = YES;
				CLANG_WARN_OBJC_IMPLICIT_RETAIN_SELF = YES;
				CLANG_WARN_OBJC_LITERAL_CONVERSION = YES;
				CLANG_WARN_OBJC_ROOT_CLASS = YES_ERROR;
				CLANG_WARN_QUOTED_INCLUDE_IN_FRAMEWORK_HEADER = YES;
				CLANG_WARN_RANGE_LOOP_ANALYSIS = YES;
				CLANG_WARN_STRICT_PROTOTYPES = YES;
				CLANG_WARN_SUSPICIOUS_MOVE = YES;
				CLANG_WARN_UNGUARDED_AVAILABILITY = YES_AGGRESSIVE;
				CLANG_WARN_UNREACHABLE_CODE = YES;
				CLANG_WARN__DUPLICATE_METHOD_MATCH = YES;
				COPY_PHASE_STRIP = NO;
				DEBUG_INFORMATION_FORMAT = "dwarf-with-dsym";
				ENABLE_NS_ASSERTIONS = NO;
				ENABLE_STRICT_OBJC_MSGSEND = YES;
				GCC_C_LANGUAGE_STANDARD = gnu11;
				GCC_NO_COMMON_BLOCKS = YES;
				GCC_WARN_64_TO_32_BIT_CONVERSION = YES;
				GCC_WARN_ABOUT_RETURN_TYPE = YES_ERROR;
				GCC_WARN_UNDECLARED_SELECTOR = YES;
				GCC_WARN_UNINITIALIZED_AUTOS = YES_AGGRESSIVE;
				GCC_WARN_UNUSED_FUNCTION = YES;
				GCC_WARN_UNUSED_VARIABLE = YES;
				IPHONEOS_DEPLOYMENT_TARGET = 16.1;
				MTL_ENABLE_DEBUG_INFO = NO;
				MTL_FAST_MATH = YES;
				SDKROOT = iphoneos;
				SWIFT_COMPILATION_MODE = wholemodule;
				SWIFT_OPTIMIZATION_LEVEL = "-O";
				VALIDATE_PRODUCT = YES;
			};
			name = Release;
		};
		563EDA6329AF63DF00939737 /* Debug */ = {
			isa = XCBuildConfiguration;
			buildSettings = {
				ASSETCATALOG_COMPILER_APPICON_NAME = AppIcon;
				ASSETCATALOG_COMPILER_GLOBAL_ACCENT_COLOR_NAME = AccentColor;
				CODE_SIGN_STYLE = Automatic;
				CURRENT_PROJECT_VERSION = 1;
				DEVELOPMENT_TEAM = SC7Q6V9V26;
				GENERATE_INFOPLIST_FILE = YES;
				INFOPLIST_FILE = MultiCellView/Info.plist;
				INFOPLIST_KEY_UIApplicationSupportsIndirectInputEvents = YES;
				INFOPLIST_KEY_UILaunchStoryboardName = LaunchScreen;
				INFOPLIST_KEY_UIMainStoryboardFile = Main;
				INFOPLIST_KEY_UISupportedInterfaceOrientations_iPad = "UIInterfaceOrientationPortrait UIInterfaceOrientationPortraitUpsideDown UIInterfaceOrientationLandscapeLeft UIInterfaceOrientationLandscapeRight";
				INFOPLIST_KEY_UISupportedInterfaceOrientations_iPhone = "UIInterfaceOrientationPortrait UIInterfaceOrientationLandscapeLeft UIInterfaceOrientationLandscapeRight";
				LD_RUNPATH_SEARCH_PATHS = (
					"$(inherited)",
					"@executable_path/Frameworks",
				);
				MARKETING_VERSION = 1.0;
				PRODUCT_BUNDLE_IDENTIFIER = com.example.MultiCellView;
				PRODUCT_NAME = "$(TARGET_NAME)";
				SWIFT_EMIT_LOC_STRINGS = YES;
				SWIFT_VERSION = 5.0;
				TARGETED_DEVICE_FAMILY = "1,2";
			};
			name = Debug;
		};
		563EDA6429AF63DF00939737 /* Release */ = {
			isa = XCBuildConfiguration;
			buildSettings = {
				ASSETCATALOG_COMPILER_APPICON_NAME = AppIcon;
				ASSETCATALOG_COMPILER_GLOBAL_ACCENT_COLOR_NAME = AccentColor;
				CODE_SIGN_STYLE = Automatic;
				CURRENT_PROJECT_VERSION = 1;
				DEVELOPMENT_TEAM = SC7Q6V9V26;
				GENERATE_INFOPLIST_FILE = YES;
				INFOPLIST_FILE = MultiCellView/Info.plist;
				INFOPLIST_KEY_UIApplicationSupportsIndirectInputEvents = YES;
				INFOPLIST_KEY_UILaunchStoryboardName = LaunchScreen;
				INFOPLIST_KEY_UIMainStoryboardFile = Main;
				INFOPLIST_KEY_UISupportedInterfaceOrientations_iPad = "UIInterfaceOrientationPortrait UIInterfaceOrientationPortraitUpsideDown UIInterfaceOrientationLandscapeLeft UIInterfaceOrientationLandscapeRight";
				INFOPLIST_KEY_UISupportedInterfaceOrientations_iPhone = "UIInterfaceOrientationPortrait UIInterfaceOrientationLandscapeLeft UIInterfaceOrientationLandscapeRight";
				LD_RUNPATH_SEARCH_PATHS = (
					"$(inherited)",
					"@executable_path/Frameworks",
				);
				MARKETING_VERSION = 1.0;
				PRODUCT_BUNDLE_IDENTIFIER = com.example.MultiCellView;
				PRODUCT_NAME = "$(TARGET_NAME)";
				SWIFT_EMIT_LOC_STRINGS = YES;
				SWIFT_VERSION = 5.0;
				TARGETED_DEVICE_FAMILY = "1,2";
			};
			name = Release;
		};
/* End XCBuildConfiguration section */

/* Begin XCConfigurationList section */
		563EDA4929AF63DE00939737 /* Build configuration list for PBXProject "MultiCellView" */ = {
			isa = XCConfigurationList;
			buildConfigurations = (
				563EDA6029AF63DF00939737 /* Debug */,
				563EDA6129AF63DF00939737 /* Release */,
			);
			defaultConfigurationIsVisible = 0;
			defaultConfigurationName = Release;
		};
		563EDA6229AF63DF00939737 /* Build configuration list for PBXNativeTarget "MultiCellView" */ = {
			isa = XCConfigurationList;
			buildConfigurations = (
				563EDA6329AF63DF00939737 /* Debug */,
				563EDA6429AF63DF00939737 /* Release */,
			);
			defaultConfigurationIsVisible = 0;
			defaultConfigurationName = Release;
		};
/* End XCConfigurationList section */
	};
	rootObject = 563EDA4629AF63DE00939737 /* Project object */;
}
