// !$*UTF8*$!
{
	archiveVersion = 1;
	classes = {
	};
	objectVersion = 56;
	objects = {

/* Begin PBXBuildFile section */
		5241A49029B1CCFB00E10655 /* AppDelegate.swift in Sources */ = {isa = PBXBuildFile; fileRef = 5241A48F29B1CCFB00E10655 /* AppDelegate.swift */; };
		5241A49229B1CCFB00E10655 /* SceneDelegate.swift in Sources */ = {isa = PBXBuildFile; fileRef = 5241A49129B1CCFB00E10655 /* SceneDelegate.swift */; };
		5241A49729B1CCFB00E10655 /* Main.storyboard in Resources */ = {isa = PBXBuildFile; fileRef = 5241A49529B1CCFB00E10655 /* Main.storyboard */; };
		5241A49929B1CCFD00E10655 /* Assets.xcassets in Resources */ = {isa = PBXBuildFile; fileRef = 5241A49829B1CCFD00E10655 /* Assets.xcassets */; };
		5241A49C29B1CCFD00E10655 /* LaunchScreen.storyboard in Resources */ = {isa = PBXBuildFile; fileRef = 5241A49A29B1CCFD00E10655 /* LaunchScreen.storyboard */; };
		5241A4AB29B1CF8C00E10655 /* TypeOneCell.xib in Resources */ = {isa = PBXBuildFile; fileRef = 5241A4A529B1CF8B00E10655 /* TypeOneCell.xib */; };
		5241A4AC29B1CF8C00E10655 /* TypeOneCell.swift in Sources */ = {isa = PBXBuildFile; fileRef = 5241A4A629B1CF8B00E10655 /* TypeOneCell.swift */; };
		5241A4AD29B1CF8C00E10655 /* TypeThreeCell.swift in Sources */ = {isa = PBXBuildFile; fileRef = 5241A4A729B1CF8B00E10655 /* TypeThreeCell.swift */; };
		5241A4AE29B1CF8C00E10655 /* TypeThreeCell.xib in Resources */ = {isa = PBXBuildFile; fileRef = 5241A4A829B1CF8B00E10655 /* TypeThreeCell.xib */; };
		5241A4AF29B1CF8C00E10655 /* TypeTwoCell.swift in Sources */ = {isa = PBXBuildFile; fileRef = 5241A4A929B1CF8C00E10655 /* TypeTwoCell.swift */; };
		5241A4B029B1CF8C00E10655 /* TypeTwoCell.xib in Resources */ = {isa = PBXBuildFile; fileRef = 5241A4AA29B1CF8C00E10655 /* TypeTwoCell.xib */; };
		5241A4B529B1CFDE00E10655 /* Model.swift in Sources */ = {isa = PBXBuildFile; fileRef = 5241A4B229B1CFDD00E10655 /* Model.swift */; };
		5241A4B629B1CFDE00E10655 /* Model3.swift in Sources */ = {isa = PBXBuildFile; fileRef = 5241A4B329B1CFDD00E10655 /* Model3.swift */; };
		5241A4B729B1CFDE00E10655 /* Model2.swift in Sources */ = {isa = PBXBuildFile; fileRef = 5241A4B429B1CFDD00E10655 /* Model2.swift */; };
		5241A4B929B1D04A00E10655 /* DetailViewController.swift in Sources */ = {isa = PBXBuildFile; fileRef = 5241A4B829B1D04A00E10655 /* DetailViewController.swift */; };
		5241A4BE29B1D54200E10655 /* Helper.swift in Sources */ = {isa = PBXBuildFile; fileRef = 5241A4BC29B1D54200E10655 /* Helper.swift */; };
		5241A4BF29B1D54200E10655 /* UITableViewExtensions.swift in Sources */ = {isa = PBXBuildFile; fileRef = 5241A4BD29B1D54200E10655 /* UITableViewExtensions.swift */; };
		5241A4C529B1DDC200E10655 /* ViewController.swift in Sources */ = {isa = PBXBuildFile; fileRef = 5241A4C429B1DDC200E10655 /* ViewController.swift */; };
		52F770D129B20516007DEE8A /* TypeFourCell.xib in Resources */ = {isa = PBXBuildFile; fileRef = 52F770D029B20516007DEE8A /* TypeFourCell.xib */; };
		52F770D329B20530007DEE8A /* TypeFourCell.swift in Sources */ = {isa = PBXBuildFile; fileRef = 52F770D229B20530007DEE8A /* TypeFourCell.swift */; };
		52F770D529B2105A007DEE8A /* ItemCVC.xib in Resources */ = {isa = PBXBuildFile; fileRef = 52F770D429B2105A007DEE8A /* ItemCVC.xib */; };
		52F770D729B21073007DEE8A /* ItemCVC.swift in Sources */ = {isa = PBXBuildFile; fileRef = 52F770D629B21073007DEE8A /* ItemCVC.swift */; };
/* End PBXBuildFile section */

/* Begin PBXFileReference section */
		5241A48C29B1CCFB00E10655 /* MultiCellView.app */ = {isa = PBXFileReference; explicitFileType = wrapper.application; includeInIndex = 0; path = MultiCellView.app; sourceTree = BUILT_PRODUCTS_DIR; };
		5241A48F29B1CCFB00E10655 /* AppDelegate.swift */ = {isa = PBXFileReference; lastKnownFileType = sourcecode.swift; path = AppDelegate.swift; sourceTree = "<group>"; };
		5241A49129B1CCFB00E10655 /* SceneDelegate.swift */ = {isa = PBXFileReference; lastKnownFileType = sourcecode.swift; path = SceneDelegate.swift; sourceTree = "<group>"; };
		5241A49629B1CCFB00E10655 /* Base */ = {isa = PBXFileReference; lastKnownFileType = file.storyboard; name = Base; path = Base.lproj/Main.storyboard; sourceTree = "<group>"; };
		5241A49829B1CCFD00E10655 /* Assets.xcassets */ = {isa = PBXFileReference; lastKnownFileType = folder.assetcatalog; path = Assets.xcassets; sourceTree = "<group>"; };
		5241A49B29B1CCFD00E10655 /* Base */ = {isa = PBXFileReference; lastKnownFileType = file.storyboard; name = Base; path = Base.lproj/LaunchScreen.storyboard; sourceTree = "<group>"; };
		5241A49D29B1CCFD00E10655 /* Info.plist */ = {isa = PBXFileReference; lastKnownFileType = text.plist.xml; path = Info.plist; sourceTree = "<group>"; };
		5241A4A529B1CF8B00E10655 /* TypeOneCell.xib */ = {isa = PBXFileReference; fileEncoding = 4; lastKnownFileType = file.xib; path = TypeOneCell.xib; sourceTree = "<group>"; };
		5241A4A629B1CF8B00E10655 /* TypeOneCell.swift */ = {isa = PBXFileReference; fileEncoding = 4; lastKnownFileType = sourcecode.swift; path = TypeOneCell.swift; sourceTree = "<group>"; };
		5241A4A729B1CF8B00E10655 /* TypeThreeCell.swift */ = {isa = PBXFileReference; fileEncoding = 4; lastKnownFileType = sourcecode.swift; path = TypeThreeCell.swift; sourceTree = "<group>"; };
		5241A4A829B1CF8B00E10655 /* TypeThreeCell.xib */ = {isa = PBXFileReference; fileEncoding = 4; lastKnownFileType = file.xib; path = TypeThreeCell.xib; sourceTree = "<group>"; };
		5241A4A929B1CF8C00E10655 /* TypeTwoCell.swift */ = {isa = PBXFileReference; fileEncoding = 4; lastKnownFileType = sourcecode.swift; path = TypeTwoCell.swift; sourceTree = "<group>"; };
		5241A4AA29B1CF8C00E10655 /* TypeTwoCell.xib */ = {isa = PBXFileReference; fileEncoding = 4; lastKnownFileType = file.xib; path = TypeTwoCell.xib; sourceTree = "<group>"; };
		5241A4B229B1CFDD00E10655 /* Model.swift */ = {isa = PBXFileReference; fileEncoding = 4; lastKnownFileType = sourcecode.swift; path = Model.swift; sourceTree = "<group>"; };
		5241A4B329B1CFDD00E10655 /* Model3.swift */ = {isa = PBXFileReference; fileEncoding = 4; lastKnownFileType = sourcecode.swift; path = Model3.swift; sourceTree = "<group>"; };
		5241A4B429B1CFDD00E10655 /* Model2.swift */ = {isa = PBXFileReference; fileEncoding = 4; lastKnownFileType = sourcecode.swift; path = Model2.swift; sourceTree = "<group>"; };
		5241A4B829B1D04A00E10655 /* DetailViewController.swift */ = {isa = PBXFileReference; lastKnownFileType = sourcecode.swift; path = DetailViewController.swift; sourceTree = "<group>"; };
		5241A4BC29B1D54200E10655 /* Helper.swift */ = {isa = PBXFileReference; fileEncoding = 4; lastKnownFileType = sourcecode.swift; path = Helper.swift; sourceTree = "<group>"; };
		5241A4BD29B1D54200E10655 /* UITableViewExtensions.swift */ = {isa = PBXFileReference; fileEncoding = 4; lastKnownFileType = sourcecode.swift; path = UITableViewExtensions.swift; sourceTree = "<group>"; };
		5241A4C429B1DDC200E10655 /* ViewController.swift */ = {isa = PBXFileReference; fileEncoding = 4; lastKnownFileType = sourcecode.swift; path = ViewController.swift; sourceTree = "<group>"; };
		52F770D029B20516007DEE8A /* TypeFourCell.xib */ = {isa = PBXFileReference; lastKnownFileType = file.xib; path = TypeFourCell.xib; sourceTree = "<group>"; };
		52F770D229B20530007DEE8A /* TypeFourCell.swift */ = {isa = PBXFileReference; lastKnownFileType = sourcecode.swift; path = TypeFourCell.swift; sourceTree = "<group>"; };
		52F770D429B2105A007DEE8A /* ItemCVC.xib */ = {isa = PBXFileReference; lastKnownFileType = file.xib; path = ItemCVC.xib; sourceTree = "<group>"; };
		52F770D629B21073007DEE8A /* ItemCVC.swift */ = {isa = PBXFileReference; lastKnownFileType = sourcecode.swift; path = ItemCVC.swift; sourceTree = "<group>"; };
/* End PBXFileReference section */

/* Begin PBXFrameworksBuildPhase section */
		5241A48929B1CCFB00E10655 /* Frameworks */ = {
			isa = PBXFrameworksBuildPhase;
			buildActionMask = 2147483647;
			files = (
			);
			runOnlyForDeploymentPostprocessing = 0;
		};
/* End PBXFrameworksBuildPhase section */

/* Begin PBXGroup section */
		5241A48329B1CCFB00E10655 = {
			isa = PBXGroup;
			children = (
				5241A48E29B1CCFB00E10655 /* MultiCellView */,
				5241A48D29B1CCFB00E10655 /* Products */,
			);
			sourceTree = "<group>";
		};
		5241A48D29B1CCFB00E10655 /* Products */ = {
			isa = PBXGroup;
			children = (
				5241A48C29B1CCFB00E10655 /* MultiCellView.app */,
			);
			name = Products;
			sourceTree = "<group>";
		};
		5241A48E29B1CCFB00E10655 /* MultiCellView */ = {
			isa = PBXGroup;
			children = (
				5241A4BB29B1D53100E10655 /* Components */,
				5241A4BA29B1D05400E10655 /* Controller */,
				5241A4B129B1CFCF00E10655 /* Models */,
				5241A4A429B1CF7500E10655 /* UIView */,
				5241A48F29B1CCFB00E10655 /* AppDelegate.swift */,
				5241A49129B1CCFB00E10655 /* SceneDelegate.swift */,
				5241A49529B1CCFB00E10655 /* Main.storyboard */,
				5241A49829B1CCFD00E10655 /* Assets.xcassets */,
				5241A49A29B1CCFD00E10655 /* LaunchScreen.storyboard */,
				5241A49D29B1CCFD00E10655 /* Info.plist */,
			);
			path = MultiCellView;
			sourceTree = "<group>";
		};
		5241A4A429B1CF7500E10655 /* UIView */ = {
			isa = PBXGroup;
			children = (
				5241A4A629B1CF8B00E10655 /* TypeOneCell.swift */,
				5241A4A529B1CF8B00E10655 /* TypeOneCell.xib */,
				5241A4A729B1CF8B00E10655 /* TypeThreeCell.swift */,
				5241A4A829B1CF8B00E10655 /* TypeThreeCell.xib */,
				5241A4A929B1CF8C00E10655 /* TypeTwoCell.swift */,
				5241A4AA29B1CF8C00E10655 /* TypeTwoCell.xib */,
				52F770D029B20516007DEE8A /* TypeFourCell.xib */,
				52F770D229B20530007DEE8A /* TypeFourCell.swift */,
				52F770D429B2105A007DEE8A /* ItemCVC.xib */,
				52F770D629B21073007DEE8A /* ItemCVC.swift */,
			);
			path = UIView;
			sourceTree = "<group>";
		};
		5241A4B129B1CFCF00E10655 /* Models */ = {
			isa = PBXGroup;
			children = (
				5241A4B229B1CFDD00E10655 /* Model.swift */,
				5241A4B429B1CFDD00E10655 /* Model2.swift */,
				5241A4B329B1CFDD00E10655 /* Model3.swift */,
			);
			path = Models;
			sourceTree = "<group>";
		};
		5241A4BA29B1D05400E10655 /* Controller */ = {
			isa = PBXGroup;
			children = (
				5241A4C429B1DDC200E10655 /* ViewController.swift */,
				5241A4B829B1D04A00E10655 /* DetailViewController.swift */,
			);
			path = Controller;
			sourceTree = "<group>";
		};
		5241A4BB29B1D53100E10655 /* Components */ = {
			isa = PBXGroup;
			children = (
				5241A4BC29B1D54200E10655 /* Helper.swift */,
				5241A4BD29B1D54200E10655 /* UITableViewExtensions.swift */,
			);
			path = Components;
			sourceTree = "<group>";
		};
/* End PBXGroup section */

/* Begin PBXNativeTarget section */
		5241A48B29B1CCFB00E10655 /* MultiCellView */ = {
			isa = PBXNativeTarget;
			buildConfigurationList = 5241A4A029B1CCFD00E10655 /* Build configuration list for PBXNativeTarget "MultiCellView" */;
			buildPhases = (
				5241A48829B1CCFB00E10655 /* Sources */,
				5241A48929B1CCFB00E10655 /* Frameworks */,
				5241A48A29B1CCFB00E10655 /* Resources */,
			);
			buildRules = (
			);
			dependencies = (
			);
			name = MultiCellView;
			productName = MultiCellView;
			productReference = 5241A48C29B1CCFB00E10655 /* MultiCellView.app */;
			productType = "com.apple.product-type.application";
		};
/* End PBXNativeTarget section */

/* Begin PBXProject section */
		5241A48429B1CCFB00E10655 /* Project object */ = {
			isa = PBXProject;
			attributes = {
				BuildIndependentTargetsInParallel = 1;
				LastSwiftUpdateCheck = 1420;
				LastUpgradeCheck = 1420;
				TargetAttributes = {
					5241A48B29B1CCFB00E10655 = {
						CreatedOnToolsVersion = 14.2;
					};
				};
			};
			buildConfigurationList = 5241A48729B1CCFB00E10655 /* Build configuration list for PBXProject "MultiCellView" */;
			compatibilityVersion = "Xcode 14.0";
			developmentRegion = en;
			hasScannedForEncodings = 0;
			knownRegions = (
				en,
				Base,
			);
			mainGroup = 5241A48329B1CCFB00E10655;
			productRefGroup = 5241A48D29B1CCFB00E10655 /* Products */;
			projectDirPath = "";
			projectRoot = "";
			targets = (
				5241A48B29B1CCFB00E10655 /* MultiCellView */,
			);
		};
/* End PBXProject section */

/* Begin PBXResourcesBuildPhase section */
		5241A48A29B1CCFB00E10655 /* Resources */ = {
			isa = PBXResourcesBuildPhase;
			buildActionMask = 2147483647;
			files = (
				5241A4AB29B1CF8C00E10655 /* TypeOneCell.xib in Resources */,
				5241A49C29B1CCFD00E10655 /* LaunchScreen.storyboard in Resources */,
				5241A49929B1CCFD00E10655 /* Assets.xcassets in Resources */,
				5241A4AE29B1CF8C00E10655 /* TypeThreeCell.xib in Resources */,
				5241A4B029B1CF8C00E10655 /* TypeTwoCell.xib in Resources */,
				52F770D129B20516007DEE8A /* TypeFourCell.xib in Resources */,
				5241A49729B1CCFB00E10655 /* Main.storyboard in Resources */,
				52F770D529B2105A007DEE8A /* ItemCVC.xib in Resources */,
			);
			runOnlyForDeploymentPostprocessing = 0;
		};
/* End PBXResourcesBuildPhase section */

/* Begin PBXSourcesBuildPhase section */
		5241A48829B1CCFB00E10655 /* Sources */ = {
			isa = PBXSourcesBuildPhase;
			buildActionMask = 2147483647;
			files = (
				5241A4BE29B1D54200E10655 /* Helper.swift in Sources */,
				5241A4B529B1CFDE00E10655 /* Model.swift in Sources */,
				5241A4AC29B1CF8C00E10655 /* TypeOneCell.swift in Sources */,
				5241A4BF29B1D54200E10655 /* UITableViewExtensions.swift in Sources */,
				5241A4AD29B1CF8C00E10655 /* TypeThreeCell.swift in Sources */,
				5241A4B629B1CFDE00E10655 /* Model3.swift in Sources */,
				52F770D329B20530007DEE8A /* TypeFourCell.swift in Sources */,
				52F770D729B21073007DEE8A /* ItemCVC.swift in Sources */,
				5241A4C529B1DDC200E10655 /* ViewController.swift in Sources */,
				5241A49029B1CCFB00E10655 /* AppDelegate.swift in Sources */,
				5241A4B729B1CFDE00E10655 /* Model2.swift in Sources */,
				5241A4B929B1D04A00E10655 /* DetailViewController.swift in Sources */,
				5241A4AF29B1CF8C00E10655 /* TypeTwoCell.swift in Sources */,
				5241A49229B1CCFB00E10655 /* SceneDelegate.swift in Sources */,
			);
			runOnlyForDeploymentPostprocessing = 0;
		};
/* End PBXSourcesBuildPhase section */

/* Begin PBXVariantGroup section */
		5241A49529B1CCFB00E10655 /* Main.storyboard */ = {
			isa = PBXVariantGroup;
			children = (
				5241A49629B1CCFB00E10655 /* Base */,
			);
			name = Main.storyboard;
			sourceTree = "<group>";
		};
		5241A49A29B1CCFD00E10655 /* LaunchScreen.storyboard */ = {
			isa = PBXVariantGroup;
			children = (
				5241A49B29B1CCFD00E10655 /* Base */,
			);
			name = LaunchScreen.storyboard;
			sourceTree = "<group>";
		};
/* End PBXVariantGroup section */

/* Begin XCBuildConfiguration section */
		5241A49E29B1CCFD00E10655 /* Debug */ = {
			isa = XCBuildConfiguration;
			buildSettings = {
				ALWAYS_SEARCH_USER_PATHS = NO;
				CLANG_ANALYZER_NONNULL = YES;
				CLANG_ANALYZER_NUMBER_OBJECT_CONVERSION = YES_AGGRESSIVE;
				CLANG_CXX_LANGUAGE_STANDARD = "gnu++20";
				CLANG_ENABLE_MODULES = YES;
				CLANG_ENABLE_OBJC_ARC = YES;
				CLANG_ENABLE_OBJC_WEAK = YES;
				CLANG_WARN_BLOCK_CAPTURE_AUTORELEASING = YES;
				CLANG_WARN_BOOL_CONVERSION = YES;
				CLANG_WARN_COMMA = YES;
				CLANG_WARN_CONSTANT_CONVERSION = YES;
				CLANG_WARN_DEPRECATED_OBJC_IMPLEMENTATIONS = YES;
				CLANG_WARN_DIRECT_OBJC_ISA_USAGE = YES_ERROR;
				CLANG_WARN_DOCUMENTATION_COMMENTS = YES;
				CLANG_WARN_EMPTY_BODY = YES;
				CLANG_WARN_ENUM_CONVERSION = YES;
				CLANG_WARN_INFINITE_RECURSION = YES;
				CLANG_WARN_INT_CONVERSION = YES;
				CLANG_WARN_NON_LITERAL_NULL_CONVERSION = YES;
				CLANG_WARN_OBJC_IMPLICIT_RETAIN_SELF = YES;
				CLANG_WARN_OBJC_LITERAL_CONVERSION = YES;
				CLANG_WARN_OBJC_ROOT_CLASS = YES_ERROR;
				CLANG_WARN_QUOTED_INCLUDE_IN_FRAMEWORK_HEADER = YES;
				CLANG_WARN_RANGE_LOOP_ANALYSIS = YES;
				CLANG_WARN_STRICT_PROTOTYPES = YES;
				CLANG_WARN_SUSPICIOUS_MOVE = YES;
				CLANG_WARN_UNGUARDED_AVAILABILITY = YES_AGGRESSIVE;
				CLANG_WARN_UNREACHABLE_CODE = YES;
				CLANG_WARN__DUPLICATE_METHOD_MATCH = YES;
				COPY_PHASE_STRIP = NO;
				DEBUG_INFORMATION_FORMAT = dwarf;
				ENABLE_STRICT_OBJC_MSGSEND = YES;
				ENABLE_TESTABILITY = YES;
				GCC_C_LANGUAGE_STANDARD = gnu11;
				GCC_DYNAMIC_NO_PIC = NO;
				GCC_NO_COMMON_BLOCKS = YES;
				GCC_OPTIMIZATION_LEVEL = 0;
				GCC_PREPROCESSOR_DEFINITIONS = (
					"DEBUG=1",
					"$(inherited)",
				);
				GCC_WARN_64_TO_32_BIT_CONVERSION = YES;
				GCC_WARN_ABOUT_RETURN_TYPE = YES_ERROR;
				GCC_WARN_UNDECLARED_SELECTOR = YES;
				GCC_WARN_UNINITIALIZED_AUTOS = YES_AGGRESSIVE;
				GCC_WARN_UNUSED_FUNCTION = YES;
				GCC_WARN_UNUSED_VARIABLE = YES;
				IPHONEOS_DEPLOYMENT_TARGET = 16.2;
				MTL_ENABLE_DEBUG_INFO = INCLUDE_SOURCE;
				MTL_FAST_MATH = YES;
				ONLY_ACTIVE_ARCH = YES;
				SDKROOT = iphoneos;
				SWIFT_ACTIVE_COMPILATION_CONDITIONS = DEBUG;
				SWIFT_OPTIMIZATION_LEVEL = "-Onone";
			};
			name = Debug;
		};
		5241A49F29B1CCFD00E10655 /* Release */ = {
			isa = XCBuildConfiguration;
			buildSettings = {
				ALWAYS_SEARCH_USER_PATHS = NO;
				CLANG_ANALYZER_NONNULL = YES;
				CLANG_ANALYZER_NUMBER_OBJECT_CONVERSION = YES_AGGRESSIVE;
				CLANG_CXX_LANGUAGE_STANDARD = "gnu++20";
				CLANG_ENABLE_MODULES = YES;
				CLANG_ENABLE_OBJC_ARC = YES;
				CLANG_ENABLE_OBJC_WEAK = YES;
				CLANG_WARN_BLOCK_CAPTURE_AUTORELEASING = YES;
				CLANG_WARN_BOOL_CONVERSION = YES;
				CLANG_WARN_COMMA = YES;
				CLANG_WARN_CONSTANT_CONVERSION = YES;
				CLANG_WARN_DEPRECATED_OBJC_IMPLEMENTATIONS = YES;
				CLANG_WARN_DIRECT_OBJC_ISA_USAGE = YES_ERROR;
				CLANG_WARN_DOCUMENTATION_COMMENTS = YES;
				CLANG_WARN_EMPTY_BODY = YES;
				CLANG_WARN_ENUM_CONVERSION = YES;
				CLANG_WARN_INFINITE_RECURSION = YES;
				CLANG_WARN_INT_CONVERSION = YES;
				CLANG_WARN_NON_LITERAL_NULL_CONVERSION = YES;
				CLANG_WARN_OBJC_IMPLICIT_RETAIN_SELF = YES;
				CLANG_WARN_OBJC_LITERAL_CONVERSION = YES;
				CLANG_WARN_OBJC_ROOT_CLASS = YES_ERROR;
				CLANG_WARN_QUOTED_INCLUDE_IN_FRAMEWORK_HEADER = YES;
				CLANG_WARN_RANGE_LOOP_ANALYSIS = YES;
				CLANG_WARN_STRICT_PROTOTYPES = YES;
				CLANG_WARN_SUSPICIOUS_MOVE = YES;
				CLANG_WARN_UNGUARDED_AVAILABILITY = YES_AGGRESSIVE;
				CLANG_WARN_UNREACHABLE_CODE = YES;
				CLANG_WARN__DUPLICATE_METHOD_MATCH = YES;
				COPY_PHASE_STRIP = NO;
				DEBUG_INFORMATION_FORMAT = "dwarf-with-dsym";
				ENABLE_NS_ASSERTIONS = NO;
				ENABLE_STRICT_OBJC_MSGSEND = YES;
				GCC_C_LANGUAGE_STANDARD = gnu11;
				GCC_NO_COMMON_BLOCKS = YES;
				GCC_WARN_64_TO_32_BIT_CONVERSION = YES;
				GCC_WARN_ABOUT_RETURN_TYPE = YES_ERROR;
				GCC_WARN_UNDECLARED_SELECTOR = YES;
				GCC_WARN_UNINITIALIZED_AUTOS = YES_AGGRESSIVE;
				GCC_WARN_UNUSED_FUNCTION = YES;
				GCC_WARN_UNUSED_VARIABLE = YES;
				IPHONEOS_DEPLOYMENT_TARGET = 16.2;
				MTL_ENABLE_DEBUG_INFO = NO;
				MTL_FAST_MATH = YES;
				SDKROOT = iphoneos;
				SWIFT_COMPILATION_MODE = wholemodule;
				SWIFT_OPTIMIZATION_LEVEL = "-O";
				VALIDATE_PRODUCT = YES;
			};
			name = Release;
		};
		5241A4A129B1CCFD00E10655 /* Debug */ = {
			isa = XCBuildConfiguration;
			buildSettings = {
				ASSETCATALOG_COMPILER_APPICON_NAME = AppIcon;
				ASSETCATALOG_COMPILER_GLOBAL_ACCENT_COLOR_NAME = AccentColor;
				CODE_SIGN_STYLE = Automatic;
				CURRENT_PROJECT_VERSION = 1;
				GENERATE_INFOPLIST_FILE = YES;
				INFOPLIST_FILE = MultiCellView/Info.plist;
				INFOPLIST_KEY_UIApplicationSupportsIndirectInputEvents = YES;
				INFOPLIST_KEY_UILaunchStoryboardName = LaunchScreen;
				INFOPLIST_KEY_UIMainStoryboardFile = Main;
				INFOPLIST_KEY_UISupportedInterfaceOrientations_iPad = "UIInterfaceOrientationPortrait UIInterfaceOrientationPortraitUpsideDown UIInterfaceOrientationLandscapeLeft UIInterfaceOrientationLandscapeRight";
				INFOPLIST_KEY_UISupportedInterfaceOrientations_iPhone = "UIInterfaceOrientationPortrait UIInterfaceOrientationLandscapeLeft UIInterfaceOrientationLandscapeRight";
				LD_RUNPATH_SEARCH_PATHS = (
					"$(inherited)",
					"@executable_path/Frameworks",
				);
				MARKETING_VERSION = 1.0;
				PRODUCT_BUNDLE_IDENTIFIER = com.tapmad.tapmadtv.MultiCellView;
				PRODUCT_NAME = "$(TARGET_NAME)";
				SWIFT_EMIT_LOC_STRINGS = YES;
				SWIFT_VERSION = 5.0;
				TARGETED_DEVICE_FAMILY = "1,2";
			};
			name = Debug;
		};
		5241A4A229B1CCFD00E10655 /* Release */ = {
			isa = XCBuildConfiguration;
			buildSettings = {
				ASSETCATALOG_COMPILER_APPICON_NAME = AppIcon;
				ASSETCATALOG_COMPILER_GLOBAL_ACCENT_COLOR_NAME = AccentColor;
				CODE_SIGN_STYLE = Automatic;
				CURRENT_PROJECT_VERSION = 1;
				GENERATE_INFOPLIST_FILE = YES;
				INFOPLIST_FILE = MultiCellView/Info.plist;
				INFOPLIST_KEY_UIApplicationSupportsIndirectInputEvents = YES;
				INFOPLIST_KEY_UILaunchStoryboardName = LaunchScreen;
				INFOPLIST_KEY_UIMainStoryboardFile = Main;
				INFOPLIST_KEY_UISupportedInterfaceOrientations_iPad = "UIInterfaceOrientationPortrait UIInterfaceOrientationPortraitUpsideDown UIInterfaceOrientationLandscapeLeft UIInterfaceOrientationLandscapeRight";
				INFOPLIST_KEY_UISupportedInterfaceOrientations_iPhone = "UIInterfaceOrientationPortrait UIInterfaceOrientationLandscapeLeft UIInterfaceOrientationLandscapeRight";
				LD_RUNPATH_SEARCH_PATHS = (
					"$(inherited)",
					"@executable_path/Frameworks",
				);
				MARKETING_VERSION = 1.0;
				PRODUCT_BUNDLE_IDENTIFIER = com.tapmad.tapmadtv.MultiCellView;
				PRODUCT_NAME = "$(TARGET_NAME)";
				SWIFT_EMIT_LOC_STRINGS = YES;
				SWIFT_VERSION = 5.0;
				TARGETED_DEVICE_FAMILY = "1,2";
			};
			name = Release;
		};
/* End XCBuildConfiguration section */

/* Begin XCConfigurationList section */
		5241A48729B1CCFB00E10655 /* Build configuration list for PBXProject "MultiCellView" */ = {
			isa = XCConfigurationList;
			buildConfigurations = (
				5241A49E29B1CCFD00E10655 /* Debug */,
				5241A49F29B1CCFD00E10655 /* Release */,
			);
			defaultConfigurationIsVisible = 0;
			defaultConfigurationName = Release;
		};
		5241A4A029B1CCFD00E10655 /* Build configuration list for PBXNativeTarget "MultiCellView" */ = {
			isa = XCConfigurationList;
			buildConfigurations = (
				5241A4A129B1CCFD00E10655 /* Debug */,
				5241A4A229B1CCFD00E10655 /* Release */,
			);
			defaultConfigurationIsVisible = 0;
			defaultConfigurationName = Release;
		};
/* End XCConfigurationList section */
	};
	rootObject = 5241A48429B1CCFB00E10655 /* Project object */;
}
